
Microsoft Visual Studio Solution File, Format Version 12.00
# Visual Studio Version 17
VisualStudioVersion = 17.7.34031.279
MinimumVisualStudioVersion = 10.0.40219.1
Project("{9A19103F-16F7-4668-BE54-9A1E7A4F7556}") = "DataAccess", "DataAccess\DataAccess.csproj", "{C0B957C8-BDD0-45D8-9D02-FC970F97589B}"
EndProject
Project("{9A19103F-16F7-4668-BE54-9A1E7A4F7556}") = "Business", "Business\Business.csproj", "{BD1FCFB5-D524-4193-A91D-E22D17904DB5}"
EndProject
Project("{9A19103F-16F7-4668-BE54-9A1E7A4F7556}") = "Entities", "Entities\Entities.csproj", "{1233E268-D480-4E03-AC77-937D07084080}"
EndProject
Project("{9A19103F-16F7-4668-BE54-9A1E7A4F7556}") = "ConsoleUI", "ConsoleUI\ConsoleUI.csproj", "{346A66C9-0A57-4C45-A87B-2FC0B6C2CD2F}"
EndProject
Project("{FAE04EC0-301F-11D3-BF4B-00C04F79EFBC}") = "Core", "Core\Core.csproj", "{8E06B6FD-5EB5-4716-9D9A-A36A935AF716}"
EndProject
Global
	GlobalSection(SolutionConfigurationPlatforms) = preSolution
		Debug|Any CPU = Debug|Any CPU
		Release|Any CPU = Release|Any CPU
	EndGlobalSection
	GlobalSection(ProjectConfigurationPlatforms) = postSolution
		{C0B957C8-BDD0-45D8-9D02-FC970F97589B}.Debug|Any CPU.ActiveCfg = Debug|Any CPU
		{C0B957C8-BDD0-45D8-9D02-FC970F97589B}.Debug|Any CPU.Build.0 = Debug|Any CPU
		{C0B957C8-BDD0-45D8-9D02-FC970F97589B}.Release|Any CPU.ActiveCfg = Release|Any CPU
		{C0B957C8-BDD0-45D8-9D02-FC970F97589B}.Release|Any CPU.Build.0 = Release|Any CPU
		{BD1FCFB5-D524-4193-A91D-E22D17904DB5}.Debug|Any CPU.ActiveCfg = Debug|Any CPU
		{BD1FCFB5-D524-4193-A91D-E22D17904DB5}.Debug|Any CPU.Build.0 = Debug|Any CPU
		{BD1FCFB5-D524-4193-A91D-E22D17904DB5}.Release|Any CPU.ActiveCfg = Release|Any CPU
		{BD1FCFB5-D524-4193-A91D-E22D17904DB5}.Release|Any CPU.Build.0 = Release|Any CPU
		{1233E268-D480-4E03-AC77-937D07084080}.Debug|Any CPU.ActiveCfg = Debug|Any CPU
		{1233E268-D480-4E03-AC77-937D07084080}.Debug|Any CPU.Build.0 = Debug|Any CPU
		{1233E268-D480-4E03-AC77-937D07084080}.Release|Any CPU.ActiveCfg = Release|Any CPU
		{1233E268-D480-4E03-AC77-937D07084080}.Release|Any CPU.Build.0 = Release|Any CPU
		{346A66C9-0A57-4C45-A87B-2FC0B6C2CD2F}.Debug|Any CPU.ActiveCfg = Debug|Any CPU
		{346A66C9-0A57-4C45-A87B-2FC0B6C2CD2F}.Debug|Any CPU.Build.0 = Debug|Any CPU
		{346A66C9-0A57-4C45-A87B-2FC0B6C2CD2F}.Release|Any CPU.ActiveCfg = Release|Any CPU
		{346A66C9-0A57-4C45-A87B-2FC0B6C2CD2F}.Release|Any CPU.Build.0 = Release|Any CPU
		{8E06B6FD-5EB5-4716-9D9A-A36A935AF716}.Debug|Any CPU.ActiveCfg = Debug|Any CPU
		{8E06B6FD-5EB5-4716-9D9A-A36A935AF716}.Debug|Any CPU.Build.0 = Debug|Any CPU
		{8E06B6FD-5EB5-4716-9D9A-A36A935AF716}.Release|Any CPU.ActiveCfg = Release|Any CPU
		{8E06B6FD-5EB5-4716-9D9A-A36A935AF716}.Release|Any CPU.Build.0 = Release|Any CPU
	EndGlobalSection
	GlobalSection(SolutionProperties) = preSolution
		HideSolutionNode = FALSE
	EndGlobalSection
	GlobalSection(ExtensibilityGlobals) = postSolution
		SolutionGuid = {C97D4256-8199-4655-BF7A-7EE3B28E994A}
	EndGlobalSection
EndGlobal
